// !$*UTF8*$!
{
	archiveVersion = 1;
	classes = {
	};
	objectVersion = 46;
	objects = {

/* Begin PBXBuildFile section */
		451440DE1AB9C997002396F5 /* Cow.jpg in Resources */ = {isa = PBXBuildFile; fileRef = 451440DD1AB9C997002396F5 /* Cow.jpg */; };
		7F2F60991AB8994500877E77 /* AppDelegate.swift in Sources */ = {isa = PBXBuildFile; fileRef = 7F2F60981AB8994500877E77 /* AppDelegate.swift */; };
		7F2F609B1AB8994500877E77 /* FirstViewController.swift in Sources */ = {isa = PBXBuildFile; fileRef = 7F2F609A1AB8994500877E77 /* FirstViewController.swift */; };
		7F2F609D1AB8994500877E77 /* SecondViewController.swift in Sources */ = {isa = PBXBuildFile; fileRef = 7F2F609C1AB8994500877E77 /* SecondViewController.swift */; };
		7F2F60A01AB8994500877E77 /* Main.storyboard in Resources */ = {isa = PBXBuildFile; fileRef = 7F2F609E1AB8994500877E77 /* Main.storyboard */; };
		7F2F60A21AB8994500877E77 /* Images.xcassets in Resources */ = {isa = PBXBuildFile; fileRef = 7F2F60A11AB8994500877E77 /* Images.xcassets */; };
		7F2F60A51AB8994500877E77 /* LaunchScreen.xib in Resources */ = {isa = PBXBuildFile; fileRef = 7F2F60A31AB8994500877E77 /* LaunchScreen.xib */; };
		7F2F60B11AB8994600877E77 /* Trade_TycoonTests.swift in Sources */ = {isa = PBXBuildFile; fileRef = 7F2F60B01AB8994600877E77 /* Trade_TycoonTests.swift */; };
		7FA657451AB8AD46001566F2 /* graph.jpeg in Resources */ = {isa = PBXBuildFile; fileRef = 7FA657441AB8AD46001566F2 /* graph.jpeg */; };
		7FA657461AB8AD46001566F2 /* graph.jpeg in Resources */ = {isa = PBXBuildFile; fileRef = 7FA657441AB8AD46001566F2 /* graph.jpeg */; };
/* End PBXBuildFile section */

/* Begin PBXContainerItemProxy section */
		7F2F60AB1AB8994600877E77 /* PBXContainerItemProxy */ = {
			isa = PBXContainerItemProxy;
			containerPortal = 7F2F608B1AB8994500877E77 /* Project object */;
			proxyType = 1;
			remoteGlobalIDString = 7F2F60921AB8994500877E77;
			remoteInfo = "Trade Tycoon";
		};
/* End PBXContainerItemProxy section */

/* Begin PBXFileReference section */
		451440DD1AB9C997002396F5 /* Cow.jpg */ = {isa = PBXFileReference; lastKnownFileType = image.jpeg; path = Cow.jpg; sourceTree = "<group>"; };
		7F2F60931AB8994500877E77 /* Trade Tycoon.app */ = {isa = PBXFileReference; explicitFileType = wrapper.application; includeInIndex = 0; path = "Trade Tycoon.app"; sourceTree = BUILT_PRODUCTS_DIR; };
		7F2F60971AB8994500877E77 /* Info.plist */ = {isa = PBXFileReference; lastKnownFileType = text.plist.xml; path = Info.plist; sourceTree = "<group>"; };
		7F2F60981AB8994500877E77 /* AppDelegate.swift */ = {isa = PBXFileReference; lastKnownFileType = sourcecode.swift; path = AppDelegate.swift; sourceTree = "<group>"; };
		7F2F609A1AB8994500877E77 /* FirstViewController.swift */ = {isa = PBXFileReference; lastKnownFileType = sourcecode.swift; path = FirstViewController.swift; sourceTree = "<group>"; };
		7F2F609C1AB8994500877E77 /* SecondViewController.swift */ = {isa = PBXFileReference; lastKnownFileType = sourcecode.swift; path = SecondViewController.swift; sourceTree = "<group>"; };
		7F2F609F1AB8994500877E77 /* Base */ = {isa = PBXFileReference; lastKnownFileType = file.storyboard; name = Base; path = Base.lproj/Main.storyboard; sourceTree = "<group>"; };
		7F2F60A11AB8994500877E77 /* Images.xcassets */ = {isa = PBXFileReference; lastKnownFileType = folder.assetcatalog; path = Images.xcassets; sourceTree = "<group>"; };
		7F2F60A41AB8994500877E77 /* Base */ = {isa = PBXFileReference; lastKnownFileType = file.xib; name = Base; path = Base.lproj/LaunchScreen.xib; sourceTree = "<group>"; };
		7F2F60AA1AB8994600877E77 /* Trade TycoonTests.xctest */ = {isa = PBXFileReference; explicitFileType = wrapper.cfbundle; includeInIndex = 0; path = "Trade TycoonTests.xctest"; sourceTree = BUILT_PRODUCTS_DIR; };
		7F2F60AF1AB8994600877E77 /* Info.plist */ = {isa = PBXFileReference; lastKnownFileType = text.plist.xml; path = Info.plist; sourceTree = "<group>"; };
		7F2F60B01AB8994600877E77 /* Trade_TycoonTests.swift */ = {isa = PBXFileReference; lastKnownFileType = sourcecode.swift; path = Trade_TycoonTests.swift; sourceTree = "<group>"; };
		7FA657441AB8AD46001566F2 /* graph.jpeg */ = {isa = PBXFileReference; lastKnownFileType = image.jpeg; path = graph.jpeg; sourceTree = "<group>"; };
/* End PBXFileReference section */

/* Begin PBXFrameworksBuildPhase section */
		7F2F60901AB8994500877E77 /* Frameworks */ = {
			isa = PBXFrameworksBuildPhase;
			buildActionMask = 2147483647;
			files = (
			);
			runOnlyForDeploymentPostprocessing = 0;
		};
		7F2F60A71AB8994600877E77 /* Frameworks */ = {
			isa = PBXFrameworksBuildPhase;
			buildActionMask = 2147483647;
			files = (
			);
			runOnlyForDeploymentPostprocessing = 0;
		};
/* End PBXFrameworksBuildPhase section */

/* Begin PBXGroup section */
		7F2F608A1AB8994500877E77 = {
			isa = PBXGroup;
			children = (
				7F2F60951AB8994500877E77 /* Trade Tycoon */,
				7F2F60AD1AB8994600877E77 /* Trade TycoonTests */,
				7F2F60941AB8994500877E77 /* Products */,
			);
			sourceTree = "<group>";
		};
		7F2F60941AB8994500877E77 /* Products */ = {
			isa = PBXGroup;
			children = (
				7F2F60931AB8994500877E77 /* Trade Tycoon.app */,
				7F2F60AA1AB8994600877E77 /* Trade TycoonTests.xctest */,
			);
			name = Products;
			sourceTree = "<group>";
		};
		7F2F60951AB8994500877E77 /* Trade Tycoon */ = {
			isa = PBXGroup;
			children = (
				451440DD1AB9C997002396F5 /* Cow.jpg */,
				7FA657441AB8AD46001566F2 /* graph.jpeg */,
				7F2F60981AB8994500877E77 /* AppDelegate.swift */,
				7F2F609A1AB8994500877E77 /* FirstViewController.swift */,
				7F2F609C1AB8994500877E77 /* SecondViewController.swift */,
				7F2F609E1AB8994500877E77 /* Main.storyboard */,
				7F2F60A11AB8994500877E77 /* Images.xcassets */,
				7F2F60A31AB8994500877E77 /* LaunchScreen.xib */,
				7F2F60961AB8994500877E77 /* Supporting Files */,
			);
			path = "Trade Tycoon";
			sourceTree = "<group>";
		};
		7F2F60961AB8994500877E77 /* Supporting Files */ = {
			isa = PBXGroup;
			children = (
				7F2F60971AB8994500877E77 /* Info.plist */,
			);
			name = "Supporting Files";
			sourceTree = "<group>";
		};
		7F2F60AD1AB8994600877E77 /* Trade TycoonTests */ = {
			isa = PBXGroup;
			children = (
				7F2F60B01AB8994600877E77 /* Trade_TycoonTests.swift */,
				7F2F60AE1AB8994600877E77 /* Supporting Files */,
			);
			path = "Trade TycoonTests";
			sourceTree = "<group>";
		};
		7F2F60AE1AB8994600877E77 /* Supporting Files */ = {
			isa = PBXGroup;
			children = (
				7F2F60AF1AB8994600877E77 /* Info.plist */,
			);
			name = "Supporting Files";
			sourceTree = "<group>";
		};
/* End PBXGroup section */

/* Begin PBXNativeTarget section */
		7F2F60921AB8994500877E77 /* Trade Tycoon */ = {
			isa = PBXNativeTarget;
			buildConfigurationList = 7F2F60B41AB8994600877E77 /* Build configuration list for PBXNativeTarget "Trade Tycoon" */;
			buildPhases = (
				7F2F608F1AB8994500877E77 /* Sources */,
				7F2F60901AB8994500877E77 /* Frameworks */,
				7F2F60911AB8994500877E77 /* Resources */,
			);
			buildRules = (
			);
			dependencies = (
			);
			name = "Trade Tycoon";
			productName = "Trade Tycoon";
			productReference = 7F2F60931AB8994500877E77 /* Trade Tycoon.app */;
			productType = "com.apple.product-type.application";
		};
		7F2F60A91AB8994600877E77 /* Trade TycoonTests */ = {
			isa = PBXNativeTarget;
			buildConfigurationList = 7F2F60B71AB8994600877E77 /* Build configuration list for PBXNativeTarget "Trade TycoonTests" */;
			buildPhases = (
				7F2F60A61AB8994600877E77 /* Sources */,
				7F2F60A71AB8994600877E77 /* Frameworks */,
				7F2F60A81AB8994600877E77 /* Resources */,
			);
			buildRules = (
			);
			dependencies = (
				7F2F60AC1AB8994600877E77 /* PBXTargetDependency */,
			);
			name = "Trade TycoonTests";
			productName = "Trade TycoonTests";
			productReference = 7F2F60AA1AB8994600877E77 /* Trade TycoonTests.xctest */;
			productType = "com.apple.product-type.bundle.unit-test";
		};
/* End PBXNativeTarget section */

/* Begin PBXProject section */
		7F2F608B1AB8994500877E77 /* Project object */ = {
			isa = PBXProject;
			attributes = {
				LastUpgradeCheck = 0620;
				ORGANIZATIONNAME = "Jared Armatis";
				TargetAttributes = {
					7F2F60921AB8994500877E77 = {
						CreatedOnToolsVersion = 6.2;
					};
					7F2F60A91AB8994600877E77 = {
						CreatedOnToolsVersion = 6.2;
						TestTargetID = 7F2F60921AB8994500877E77;
					};
				};
			};
			buildConfigurationList = 7F2F608E1AB8994500877E77 /* Build configuration list for PBXProject "Trade Tycoon" */;
			compatibilityVersion = "Xcode 3.2";
			developmentRegion = English;
			hasScannedForEncodings = 0;
			knownRegions = (
				en,
				Base,
			);
			mainGroup = 7F2F608A1AB8994500877E77;
			productRefGroup = 7F2F60941AB8994500877E77 /* Products */;
			projectDirPath = "";
			projectRoot = "";
			targets = (
				7F2F60921AB8994500877E77 /* Trade Tycoon */,
				7F2F60A91AB8994600877E77 /* Trade TycoonTests */,
			);
		};
/* End PBXProject section */

/* Begin PBXResourcesBuildPhase section */
		7F2F60911AB8994500877E77 /* Resources */ = {
			isa = PBXResourcesBuildPhase;
			buildActionMask = 2147483647;
			files = (
				7FA657451AB8AD46001566F2 /* graph.jpeg in Resources */,
				7F2F60A01AB8994500877E77 /* Main.storyboard in Resources */,
				7F2F60A51AB8994500877E77 /* LaunchScreen.xib in Resources */,
				451440DE1AB9C997002396F5 /* Cow.jpg in Resources */,
				7F2F60A21AB8994500877E77 /* Images.xcassets in Resources */,
			);
			runOnlyForDeploymentPostprocessing = 0;
		};
		7F2F60A81AB8994600877E77 /* Resources */ = {
			isa = PBXResourcesBuildPhase;
			buildActionMask = 2147483647;
			files = (
				7FA657461AB8AD46001566F2 /* graph.jpeg in Resources */,
			);
			runOnlyForDeploymentPostprocessing = 0;
		};
/* End PBXResourcesBuildPhase section */

/* Begin PBXSourcesBuildPhase section */
		7F2F608F1AB8994500877E77 /* Sources */ = {
			isa = PBXSourcesBuildPhase;
			buildActionMask = 2147483647;
			files = (
				7F2F609D1AB8994500877E77 /* SecondViewController.swift in Sources */,
				7F2F60991AB8994500877E77 /* AppDelegate.swift in Sources */,
				7F2F609B1AB8994500877E77 /* FirstViewController.swift in Sources */,
			);
			runOnlyForDeploymentPostprocessing = 0;
		};
		7F2F60A61AB8994600877E77 /* Sources */ = {
			isa = PBXSourcesBuildPhase;
			buildActionMask = 2147483647;
			files = (
				7F2F60B11AB8994600877E77 /* Trade_TycoonTests.swift in Sources */,
			);
			runOnlyForDeploymentPostprocessing = 0;
		};
/* End PBXSourcesBuildPhase section */

/* Begin PBXTargetDependency section */
		7F2F60AC1AB8994600877E77 /* PBXTargetDependency */ = {
			isa = PBXTargetDependency;
			target = 7F2F60921AB8994500877E77 /* Trade Tycoon */;
			targetProxy = 7F2F60AB1AB8994600877E77 /* PBXContainerItemProxy */;
		};
/* End PBXTargetDependency section */

/* Begin PBXVariantGroup section */
		7F2F609E1AB8994500877E77 /* Main.storyboard */ = {
			isa = PBXVariantGroup;
			children = (
				7F2F609F1AB8994500877E77 /* Base */,
			);
			name = Main.storyboard;
			sourceTree = "<group>";
		};
		7F2F60A31AB8994500877E77 /* LaunchScreen.xib */ = {
			isa = PBXVariantGroup;
			children = (
				7F2F60A41AB8994500877E77 /* Base */,
			);
			name = LaunchScreen.xib;
			sourceTree = "<group>";
		};
/* End PBXVariantGroup section */

/* Begin XCBuildConfiguration section */
		7F2F60B21AB8994600877E77 /* Debug */ = {
			isa = XCBuildConfiguration;
			buildSettings = {
				ALWAYS_SEARCH_USER_PATHS = NO;
				CLANG_CXX_LANGUAGE_STANDARD = "gnu++0x";
				CLANG_CXX_LIBRARY = "libc++";
				CLANG_ENABLE_MODULES = YES;
				CLANG_ENABLE_OBJC_ARC = YES;
				CLANG_WARN_BOOL_CONVERSION = YES;
				CLANG_WARN_CONSTANT_CONVERSION = YES;
				CLANG_WARN_DIRECT_OBJC_ISA_USAGE = YES_ERROR;
				CLANG_WARN_EMPTY_BODY = YES;
				CLANG_WARN_ENUM_CONVERSION = YES;
				CLANG_WARN_INT_CONVERSION = YES;
				CLANG_WARN_OBJC_ROOT_CLASS = YES_ERROR;
				CLANG_WARN_UNREACHABLE_CODE = YES;
				CLANG_WARN__DUPLICATE_METHOD_MATCH = YES;
				"CODE_SIGN_IDENTITY[sdk=iphoneos*]" = "iPhone Developer";
				COPY_PHASE_STRIP = NO;
				ENABLE_STRICT_OBJC_MSGSEND = YES;
				GCC_C_LANGUAGE_STANDARD = gnu99;
				GCC_DYNAMIC_NO_PIC = NO;
				GCC_OPTIMIZATION_LEVEL = 0;
				GCC_PREPROCESSOR_DEFINITIONS = (
					"DEBUG=1",
					"$(inherited)",
				);
				GCC_SYMBOLS_PRIVATE_EXTERN = NO;
				GCC_WARN_64_TO_32_BIT_CONVERSION = YES;
				GCC_WARN_ABOUT_RETURN_TYPE = YES_ERROR;
				GCC_WARN_UNDECLARED_SELECTOR = YES;
				GCC_WARN_UNINITIALIZED_AUTOS = YES_AGGRESSIVE;
				GCC_WARN_UNUSED_FUNCTION = YES;
				GCC_WARN_UNUSED_VARIABLE = YES;
				IPHONEOS_DEPLOYMENT_TARGET = 8.2;
				MTL_ENABLE_DEBUG_INFO = YES;
				ONLY_ACTIVE_ARCH = YES;
				SDKROOT = iphoneos;
				SWIFT_OPTIMIZATION_LEVEL = "-Onone";
			};
			name = Debug;
		};
		7F2F60B31AB8994600877E77 /* Release */ = {
			isa = XCBuildConfiguration;
			buildSettings = {
				ALWAYS_SEARCH_USER_PATHS = NO;
				CLANG_CXX_LANGUAGE_STANDARD = "gnu++0x";
				CLANG_CXX_LIBRARY = "libc++";
				CLANG_ENABLE_MODULES = YES;
				CLANG_ENABLE_OBJC_ARC = YES;
				CLANG_WARN_BOOL_CONVERSION = YES;
				CLANG_WARN_CONSTANT_CONVERSION = YES;
				CLANG_WARN_DIRECT_OBJC_ISA_USAGE = YES_ERROR;
				CLANG_WARN_EMPTY_BODY = YES;
				CLANG_WARN_ENUM_CONVERSION = YES;
				CLANG_WARN_INT_CONVERSION = YES;
				CLANG_WARN_OBJC_ROOT_CLASS = YES_ERROR;
				CLANG_WARN_UNREACHABLE_CODE = YES;
				CLANG_WARN__DUPLICATE_METHOD_MATCH = YES;
				"CODE_SIGN_IDENTITY[sdk=iphoneos*]" = "iPhone Developer";
				COPY_PHASE_STRIP = NO;
				ENABLE_NS_ASSERTIONS = NO;
				ENABLE_STRICT_OBJC_MSGSEND = YES;
				GCC_C_LANGUAGE_STANDARD = gnu99;
				GCC_WARN_64_TO_32_BIT_CONVERSION = YES;
				GCC_WARN_ABOUT_RETURN_TYPE = YES_ERROR;
				GCC_WARN_UNDECLARED_SELECTOR = YES;
				GCC_WARN_UNINITIALIZED_AUTOS = YES_AGGRESSIVE;
				GCC_WARN_UNUSED_FUNCTION = YES;
				GCC_WARN_UNUSED_VARIABLE = YES;
				IPHONEOS_DEPLOYMENT_TARGET = 8.2;
				MTL_ENABLE_DEBUG_INFO = NO;
				SDKROOT = iphoneos;
				VALIDATE_PRODUCT = YES;
			};
			name = Release;
		};
		7F2F60B51AB8994600877E77 /* Debug */ = {
			isa = XCBuildConfiguration;
			buildSettings = {
				ASSETCATALOG_COMPILER_APPICON_NAME = AppIcon;
				INFOPLIST_FILE = "Trade Tycoon/Info.plist";
				IPHONEOS_DEPLOYMENT_TARGET = 8.1;
				LD_RUNPATH_SEARCH_PATHS = "$(inherited) @executable_path/Frameworks";
				PRODUCT_NAME = "$(TARGET_NAME)";
			};
			name = Debug;
		};
		7F2F60B61AB8994600877E77 /* Release */ = {
			isa = XCBuildConfiguration;
			buildSettings = {
				ASSETCATALOG_COMPILER_APPICON_NAME = AppIcon;
				INFOPLIST_FILE = "Trade Tycoon/Info.plist";
				IPHONEOS_DEPLOYMENT_TARGET = 8.1;
				LD_RUNPATH_SEARCH_PATHS = "$(inherited) @executable_path/Frameworks";
				PRODUCT_NAME = "$(TARGET_NAME)";
			};
			name = Release;
		};
		7F2F60B81AB8994600877E77 /* Debug */ = {
			isa = XCBuildConfiguration;
			buildSettings = {
				BUNDLE_LOADER = "$(TEST_HOST)";
				FRAMEWORK_SEARCH_PATHS = (
					"$(SDKROOT)/Developer/Library/Frameworks",
					"$(inherited)",
				);
				GCC_PREPROCESSOR_DEFINITIONS = (
					"DEBUG=1",
					"$(inherited)",
				);
				INFOPLIST_FILE = "Trade TycoonTests/Info.plist";
				LD_RUNPATH_SEARCH_PATHS = "$(inherited) @executable_path/Frameworks @loader_path/Frameworks";
				PRODUCT_NAME = "$(TARGET_NAME)";
				TEST_HOST = "$(BUILT_PRODUCTS_DIR)/Trade Tycoon.app/Trade Tycoon";
			};
			name = Debug;
		};
		7F2F60B91AB8994600877E77 /* Release */ = {
			isa = XCBuildConfiguration;
			buildSettings = {
				BUNDLE_LOADER = "$(TEST_HOST)";
				FRAMEWORK_SEARCH_PATHS = (
					"$(SDKROOT)/Developer/Library/Frameworks",
					"$(inherited)",
				);
				INFOPLIST_FILE = "Trade TycoonTests/Info.plist";
				LD_RUNPATH_SEARCH_PATHS = "$(inherited) @executable_path/Frameworks @loader_path/Frameworks";
				PRODUCT_NAME = "$(TARGET_NAME)";
				TEST_HOST = "$(BUILT_PRODUCTS_DIR)/Trade Tycoon.app/Trade Tycoon";
			};
			name = Release;
		};
/* End XCBuildConfiguration section */

/* Begin XCConfigurationList section */
		7F2F608E1AB8994500877E77 /* Build configuration list for PBXProject "Trade Tycoon" */ = {
			isa = XCConfigurationList;
			buildConfigurations = (
				7F2F60B21AB8994600877E77 /* Debug */,
				7F2F60B31AB8994600877E77 /* Release */,
			);
			defaultConfigurationIsVisible = 0;
			defaultConfigurationName = Release;
		};
		7F2F60B41AB8994600877E77 /* Build configuration list for PBXNativeTarget "Trade Tycoon" */ = {
			isa = XCConfigurationList;
			buildConfigurations = (
				7F2F60B51AB8994600877E77 /* Debug */,
				7F2F60B61AB8994600877E77 /* Release */,
			);
			defaultConfigurationIsVisible = 0;
			defaultConfigurationName = Release;
		};
		7F2F60B71AB8994600877E77 /* Build configuration list for PBXNativeTarget "Trade TycoonTests" */ = {
			isa = XCConfigurationList;
			buildConfigurations = (
				7F2F60B81AB8994600877E77 /* Debug */,
				7F2F60B91AB8994600877E77 /* Release */,
			);
			defaultConfigurationIsVisible = 0;
			defaultConfigurationName = Release;
		};
/* End XCConfigurationList section */
	};
	rootObject = 7F2F608B1AB8994500877E77 /* Project object */;
}
